
Microsoft Visual Studio Solution File, Format Version 12.00
# Visual Studio Version 17
VisualStudioVersion = 17.0.31903.59
MinimumVisualStudioVersion = 10.0.40219.1
Project("{9A19103F-16F7-4668-BE54-9A1E7A4F7556}") = "AWE.VideoLister.UI", "source\AWE.VideoLister.UI\AWE.VideoLister.UI.csproj", "{A77AD6A1-CB5E-48D7-8B6A-EB24A0D7C8BA}"
EndProject
Project("{9A19103F-16F7-4668-BE54-9A1E7A4F7556}") = "AWE.VideoLister.BusinessLogic", "source\AWE.VideoLister.BusinessLogic\AWE.VideoLister.BusinessLogic.csproj", "{AFF92CE3-A6AA-4799-8FBC-57FFCA9BA15B}"
EndProject
Project("{9A19103F-16F7-4668-BE54-9A1E7A4F7556}") = "AWE.VideoLister.ViewModel", "source\AWE.VideoLister.ViewModel\AWE.VideoLister.ViewModel.csproj", "{1B4F68F6-35AB-49B3-B0E1-EA4F0C49E100}"
EndProject
Global
	GlobalSection(SolutionConfigurationPlatforms) = preSolution
		Debug|Any CPU = Debug|Any CPU
		Release|Any CPU = Release|Any CPU
	EndGlobalSection
	GlobalSection(ProjectConfigurationPlatforms) = postSolution
		{A77AD6A1-CB5E-48D7-8B6A-EB24A0D7C8BA}.Debug|Any CPU.ActiveCfg = Debug|Any CPU
		{A77AD6A1-CB5E-48D7-8B6A-EB24A0D7C8BA}.Debug|Any CPU.Build.0 = Debug|Any CPU
		{A77AD6A1-CB5E-48D7-8B6A-EB24A0D7C8BA}.Release|Any CPU.ActiveCfg = Release|Any CPU
		{A77AD6A1-CB5E-48D7-8B6A-EB24A0D7C8BA}.Release|Any CPU.Build.0 = Release|Any CPU
		{AFF92CE3-A6AA-4799-8FBC-57FFCA9BA15B}.Debug|Any CPU.ActiveCfg = Debug|Any CPU
		{AFF92CE3-A6AA-4799-8FBC-57FFCA9BA15B}.Debug|Any CPU.Build.0 = Debug|Any CPU
		{AFF92CE3-A6AA-4799-8FBC-57FFCA9BA15B}.Release|Any CPU.ActiveCfg = Release|Any CPU
		{AFF92CE3-A6AA-4799-8FBC-57FFCA9BA15B}.Release|Any CPU.Build.0 = Release|Any CPU
		{1B4F68F6-35AB-49B3-B0E1-EA4F0C49E100}.Debug|Any CPU.ActiveCfg = Debug|Any CPU
		{1B4F68F6-35AB-49B3-B0E1-EA4F0C49E100}.Debug|Any CPU.Build.0 = Debug|Any CPU
		{1B4F68F6-35AB-49B3-B0E1-EA4F0C49E100}.Release|Any CPU.ActiveCfg = Release|Any CPU
		{1B4F68F6-35AB-49B3-B0E1-EA4F0C49E100}.Release|Any CPU.Build.0 = Release|Any CPU
	EndGlobalSection
	GlobalSection(SolutionProperties) = preSolution
		HideSolutionNode = FALSE
	EndGlobalSection
	GlobalSection(ExtensibilityGlobals) = postSolution
		SolutionGuid = {D223AA4A-90C8-4737-9B86-D3CE2952F943}
	EndGlobalSection
EndGlobal
